
Microsoft Visual Studio Solution File, Format Version 12.00
# Visual Studio Version 17
VisualStudioVersion = 17.6.33829.357
MinimumVisualStudioVersion = 10.0.40219.1
Project("{FAE04EC0-301F-11D3-BF4B-00C04F79EFBC}") = "MarketDataManagement", "MArketDataManagement\MarketDataManagement.csproj", "{664308E1-99B8-48E0-AA7C-CA172838CB4C}"
EndProject
Project("{FAE04EC0-301F-11D3-BF4B-00C04F79EFBC}") = "MarketDataManagement.core", "MarketDataManagement.core\MarketDataManagement.core.csproj", "{836A9079-0F43-4359-BD70-EA510F7583A7}"
EndProject
Global
	GlobalSection(SolutionConfigurationPlatforms) = preSolution
		Debug|Any CPU = Debug|Any CPU
		Release|Any CPU = Release|Any CPU
	EndGlobalSection
	GlobalSection(ProjectConfigurationPlatforms) = postSolution
		{664308E1-99B8-48E0-AA7C-CA172838CB4C}.Debug|Any CPU.ActiveCfg = Debug|Any CPU
		{664308E1-99B8-48E0-AA7C-CA172838CB4C}.Debug|Any CPU.Build.0 = Debug|Any CPU
		{664308E1-99B8-48E0-AA7C-CA172838CB4C}.Release|Any CPU.ActiveCfg = Release|Any CPU
		{664308E1-99B8-48E0-AA7C-CA172838CB4C}.Release|Any CPU.Build.0 = Release|Any CPU
		{836A9079-0F43-4359-BD70-EA510F7583A7}.Debug|Any CPU.ActiveCfg = Debug|Any CPU
		{836A9079-0F43-4359-BD70-EA510F7583A7}.Debug|Any CPU.Build.0 = Debug|Any CPU
		{836A9079-0F43-4359-BD70-EA510F7583A7}.Release|Any CPU.ActiveCfg = Release|Any CPU
		{836A9079-0F43-4359-BD70-EA510F7583A7}.Release|Any CPU.Build.0 = Release|Any CPU
	EndGlobalSection
	GlobalSection(SolutionProperties) = preSolution
		HideSolutionNode = FALSE
	EndGlobalSection
	GlobalSection(ExtensibilityGlobals) = postSolution
		SolutionGuid = {1EE7D51D-8353-4134-9CFE-6D7EE458EE3F}
	EndGlobalSection
EndGlobal
